{
  "nodes": {
    "disko": {
      "inputs": {
        "nixpkgs": [
          "nixpkgs"
        ]
      },
      "locked": {
        "lastModified": 1753140376,
        "narHash": "sha256-7lrVrE0jSvZHrxEzvnfHFE/Wkk9DDqb+mYCodI5uuB8=",
        "owner": "nix-community",
        "repo": "disko",
        "rev": "545aba02960caa78a31bd9a8709a0ad4b6320a5c",
        "type": "github"
      },
      "original": {
        "owner": "nix-community",
        "repo": "disko",
        "type": "github"
      }
    },
    "nixos-facter-modules": {
      "locked": {
        "lastModified": 1750412875,
        "narHash": "sha256-uP9Xxw5XcFwjX9lNoYRpybOnIIe1BHfZu5vJnnPg3Jc=",
        "owner": "numtide",
        "repo": "nixos-facter-modules",
        "rev": "14df13c84552a7d1f33c1cd18336128fbc43f920",
        "type": "github"
      },
      "original": {
        "owner": "numtide",
        "repo": "nixos-facter-modules",
        "type": "github"
      }
    },
    "nixpkgs": {
      "locked": {
        "lastModified": 1754651824,
        "narHash": "sha256-aB7ft6njy9EJfuW+rdToNChfRrHNRw/yTg5cSEnG+HI=",
        "owner": "NixOS",
        "repo": "nixpkgs",
        "rev": "b069b7c1e2fe1a3a24221428558bf44128d3d5c8",
        "type": "github"
      },
      "original": {
        "owner": "NixOS",
        "ref": "nixpkgs-unstable",
        "repo": "nixpkgs",
        "type": "github"
      }
    },
    "root": {
      "inputs": {
        "disko": "disko",
        "nixos-facter-modules": "nixos-facter-modules",
        "nixpkgs": "nixpkgs",
        "sops-nix": "sops-nix"
      }
    },
    "sops-nix": {
      "inputs": {
        "nixpkgs": [
          "nixpkgs"
        ]
      },
      "locked": {
        "lastModified": 1754328224,
        "narHash": "sha256-glPK8DF329/dXtosV7YSzRlF4n35WDjaVwdOMEoEXHA=",
        "owner": "Mic92",
        "repo": "sops-nix",
        "rev": "49021900e69812ba7ddb9e40f9170218a7eca9f4",
        "type": "github"
      },
      "original": {
        "owner": "Mic92",
        "repo": "sops-nix",
        "type": "github"
      }
    }
  },
  "root": "root",
  "version": 7
}
